// !$*UTF8*$!
{
	archiveVersion = 1;
	classes = {
	};
	objectVersion = 46;
	objects = {

/* Begin PBXBuildFile section */
		391EF4FD1C76470B00917972 /* UIImage+animatedGIF.m in Sources */ = {isa = PBXBuildFile; fileRef = 391EF4FC1C76470B00917972 /* UIImage+animatedGIF.m */; };
		391EF4FF1C76473A00917972 /* ImageIO.framework in Frameworks */ = {isa = PBXBuildFile; fileRef = 391EF4FE1C76473A00917972 /* ImageIO.framework */; };
		391EF5011C7647B500917972 /* OpenPakageViewController.swift in Sources */ = {isa = PBXBuildFile; fileRef = 391EF5001C7647B500917972 /* OpenPakageViewController.swift */; };
		3964AD661C71549D0058E302 /* AppDelegate.swift in Sources */ = {isa = PBXBuildFile; fileRef = 3964AD651C71549D0058E302 /* AppDelegate.swift */; };
		3964AD6B1C71549E0058E302 /* Main.storyboard in Resources */ = {isa = PBXBuildFile; fileRef = 3964AD691C71549E0058E302 /* Main.storyboard */; };
		3964AD6D1C71549E0058E302 /* Assets.xcassets in Resources */ = {isa = PBXBuildFile; fileRef = 3964AD6C1C71549E0058E302 /* Assets.xcassets */; };
		3964AD701C71549E0058E302 /* LaunchScreen.storyboard in Resources */ = {isa = PBXBuildFile; fileRef = 3964AD6E1C71549E0058E302 /* LaunchScreen.storyboard */; };
		3964AD781C7154EF0058E302 /* HearthStoneAPI.swift in Sources */ = {isa = PBXBuildFile; fileRef = 3964AD771C7154EF0058E302 /* HearthStoneAPI.swift */; };
		3964AD7E1C715EF40058E302 /* CardDetailViewController.swift in Sources */ = {isa = PBXBuildFile; fileRef = 3964AD7D1C715EF40058E302 /* CardDetailViewController.swift */; };
		3964AD801C7179DE0058E302 /* Default-568h@2x.png in Resources */ = {isa = PBXBuildFile; fileRef = 3964AD7F1C7179DE0058E302 /* Default-568h@2x.png */; };
		396FF79E1C7AA93E00BF1979 /* CardsCollectionViewController.swift in Sources */ = {isa = PBXBuildFile; fileRef = 396FF79D1C7AA93E00BF1979 /* CardsCollectionViewController.swift */; };
		396FF7A01C7ABE8200BF1979 /* CardDisplayCell.swift in Sources */ = {isa = PBXBuildFile; fileRef = 396FF79F1C7ABE8200BF1979 /* CardDisplayCell.swift */; };
		39FA46571C78FC62006C1936 /* DataParsingTest.swift in Sources */ = {isa = PBXBuildFile; fileRef = 39FA46561C78FC62006C1936 /* DataParsingTest.swift */; };
		39FA46611C78FF6B006C1936 /* ParsingCardsData.swift in Sources */ = {isa = PBXBuildFile; fileRef = 39FA46601C78FF6B006C1936 /* ParsingCardsData.swift */; };
/* End PBXBuildFile section */

/* Begin PBXContainerItemProxy section */
		39FA46591C78FC62006C1936 /* PBXContainerItemProxy */ = {
			isa = PBXContainerItemProxy;
			containerPortal = 3964AD5A1C71549D0058E302 /* Project object */;
			proxyType = 1;
			remoteGlobalIDString = 3964AD611C71549D0058E302;
			remoteInfo = HStone;
		};
/* End PBXContainerItemProxy section */

/* Begin PBXFileReference section */
		391EF4FA1C76470A00917972 /* HStone-Bridging-Header.h */ = {isa = PBXFileReference; lastKnownFileType = sourcecode.c.h; path = "HStone-Bridging-Header.h"; sourceTree = "<group>"; };
		391EF4FB1C76470B00917972 /* UIImage+animatedGIF.h */ = {isa = PBXFileReference; fileEncoding = 4; lastKnownFileType = sourcecode.c.h; path = "UIImage+animatedGIF.h"; sourceTree = "<group>"; };
		391EF4FC1C76470B00917972 /* UIImage+animatedGIF.m */ = {isa = PBXFileReference; fileEncoding = 4; lastKnownFileType = sourcecode.c.objc; path = "UIImage+animatedGIF.m"; sourceTree = "<group>"; };
		391EF4FE1C76473A00917972 /* ImageIO.framework */ = {isa = PBXFileReference; lastKnownFileType = wrapper.framework; name = ImageIO.framework; path = System/Library/Frameworks/ImageIO.framework; sourceTree = SDKROOT; };
		391EF5001C7647B500917972 /* OpenPakageViewController.swift */ = {isa = PBXFileReference; fileEncoding = 4; lastKnownFileType = sourcecode.swift; path = OpenPakageViewController.swift; sourceTree = "<group>"; };
		3964AD621C71549D0058E302 /* HStone.app */ = {isa = PBXFileReference; explicitFileType = wrapper.application; includeInIndex = 0; path = HStone.app; sourceTree = BUILT_PRODUCTS_DIR; };
		3964AD651C71549D0058E302 /* AppDelegate.swift */ = {isa = PBXFileReference; lastKnownFileType = sourcecode.swift; path = AppDelegate.swift; sourceTree = "<group>"; };
		3964AD6A1C71549E0058E302 /* Base */ = {isa = PBXFileReference; lastKnownFileType = file.storyboard; name = Base; path = Base.lproj/Main.storyboard; sourceTree = "<group>"; };
		3964AD6C1C71549E0058E302 /* Assets.xcassets */ = {isa = PBXFileReference; lastKnownFileType = folder.assetcatalog; path = Assets.xcassets; sourceTree = "<group>"; };
		3964AD6F1C71549E0058E302 /* Base */ = {isa = PBXFileReference; lastKnownFileType = file.storyboard; name = Base; path = Base.lproj/LaunchScreen.storyboard; sourceTree = "<group>"; };
		3964AD711C71549E0058E302 /* Info.plist */ = {isa = PBXFileReference; lastKnownFileType = text.plist.xml; path = Info.plist; sourceTree = "<group>"; };
		3964AD771C7154EF0058E302 /* HearthStoneAPI.swift */ = {isa = PBXFileReference; fileEncoding = 4; lastKnownFileType = sourcecode.swift; path = HearthStoneAPI.swift; sourceTree = "<group>"; };
		3964AD7D1C715EF40058E302 /* CardDetailViewController.swift */ = {isa = PBXFileReference; fileEncoding = 4; lastKnownFileType = sourcecode.swift; path = CardDetailViewController.swift; sourceTree = "<group>"; };
		3964AD7F1C7179DE0058E302 /* Default-568h@2x.png */ = {isa = PBXFileReference; lastKnownFileType = image.png; path = "Default-568h@2x.png"; sourceTree = "<group>"; };
		396FF79D1C7AA93E00BF1979 /* CardsCollectionViewController.swift */ = {isa = PBXFileReference; fileEncoding = 4; lastKnownFileType = sourcecode.swift; path = CardsCollectionViewController.swift; sourceTree = "<group>"; };
		396FF79F1C7ABE8200BF1979 /* CardDisplayCell.swift */ = {isa = PBXFileReference; fileEncoding = 4; lastKnownFileType = sourcecode.swift; path = CardDisplayCell.swift; sourceTree = "<group>"; };
		39FA46541C78FC62006C1936 /* DataParsingTest.xctest */ = {isa = PBXFileReference; explicitFileType = wrapper.cfbundle; includeInIndex = 0; path = DataParsingTest.xctest; sourceTree = BUILT_PRODUCTS_DIR; };
		39FA46561C78FC62006C1936 /* DataParsingTest.swift */ = {isa = PBXFileReference; lastKnownFileType = sourcecode.swift; path = DataParsingTest.swift; sourceTree = "<group>"; };
		39FA46581C78FC62006C1936 /* Info.plist */ = {isa = PBXFileReference; lastKnownFileType = text.plist.xml; path = Info.plist; sourceTree = "<group>"; };
		39FA46601C78FF6B006C1936 /* ParsingCardsData.swift */ = {isa = PBXFileReference; fileEncoding = 4; lastKnownFileType = sourcecode.swift; path = ParsingCardsData.swift; sourceTree = "<group>"; };
/* End PBXFileReference section */

/* Begin PBXFrameworksBuildPhase section */
		3964AD5F1C71549D0058E302 /* Frameworks */ = {
			isa = PBXFrameworksBuildPhase;
			buildActionMask = 2147483647;
			files = (
				391EF4FF1C76473A00917972 /* ImageIO.framework in Frameworks */,
			);
			runOnlyForDeploymentPostprocessing = 0;
		};
		39FA46511C78FC62006C1936 /* Frameworks */ = {
			isa = PBXFrameworksBuildPhase;
			buildActionMask = 2147483647;
			files = (
			);
			runOnlyForDeploymentPostprocessing = 0;
		};
/* End PBXFrameworksBuildPhase section */

/* Begin PBXGroup section */
		3964AD591C71549D0058E302 = {
			isa = PBXGroup;
			children = (
				391EF4FE1C76473A00917972 /* ImageIO.framework */,
				3964AD7F1C7179DE0058E302 /* Default-568h@2x.png */,
				3964AD641C71549D0058E302 /* HStone */,
				39FA46551C78FC62006C1936 /* DataParsingTest */,
				3964AD631C71549D0058E302 /* Products */,
			);
			sourceTree = "<group>";
		};
		3964AD631C71549D0058E302 /* Products */ = {
			isa = PBXGroup;
			children = (
				3964AD621C71549D0058E302 /* HStone.app */,
				39FA46541C78FC62006C1936 /* DataParsingTest.xctest */,
			);
			name = Products;
			sourceTree = "<group>";
		};
		3964AD641C71549D0058E302 /* HStone */ = {
			isa = PBXGroup;
			children = (
				391EF4FB1C76470B00917972 /* UIImage+animatedGIF.h */,
				391EF4FC1C76470B00917972 /* UIImage+animatedGIF.m */,
				3964AD651C71549D0058E302 /* AppDelegate.swift */,
				3964AD771C7154EF0058E302 /* HearthStoneAPI.swift */,
				3964AD7D1C715EF40058E302 /* CardDetailViewController.swift */,
				391EF5001C7647B500917972 /* OpenPakageViewController.swift */,
				396FF79D1C7AA93E00BF1979 /* CardsCollectionViewController.swift */,
				396FF79F1C7ABE8200BF1979 /* CardDisplayCell.swift */,
				39FA46601C78FF6B006C1936 /* ParsingCardsData.swift */,
				3964AD691C71549E0058E302 /* Main.storyboard */,
				3964AD6C1C71549E0058E302 /* Assets.xcassets */,
				3964AD6E1C71549E0058E302 /* LaunchScreen.storyboard */,
				3964AD711C71549E0058E302 /* Info.plist */,
				391EF4FA1C76470A00917972 /* HStone-Bridging-Header.h */,
			);
			path = HStone;
			sourceTree = "<group>";
		};
		39FA46551C78FC62006C1936 /* DataParsingTest */ = {
			isa = PBXGroup;
			children = (
				39FA46561C78FC62006C1936 /* DataParsingTest.swift */,
				39FA46581C78FC62006C1936 /* Info.plist */,
			);
			path = DataParsingTest;
			sourceTree = "<group>";
		};
/* End PBXGroup section */

/* Begin PBXNativeTarget section */
		3964AD611C71549D0058E302 /* HStone */ = {
			isa = PBXNativeTarget;
			buildConfigurationList = 3964AD741C71549E0058E302 /* Build configuration list for PBXNativeTarget "HStone" */;
			buildPhases = (
				3964AD5E1C71549D0058E302 /* Sources */,
				3964AD5F1C71549D0058E302 /* Frameworks */,
				3964AD601C71549D0058E302 /* Resources */,
			);
			buildRules = (
			);
			dependencies = (
			);
			name = HStone;
			productName = HStone;
			productReference = 3964AD621C71549D0058E302 /* HStone.app */;
			productType = "com.apple.product-type.application";
		};
		39FA46531C78FC62006C1936 /* DataParsingTest */ = {
			isa = PBXNativeTarget;
			buildConfigurationList = 39FA465B1C78FC62006C1936 /* Build configuration list for PBXNativeTarget "DataParsingTest" */;
			buildPhases = (
				39FA46501C78FC62006C1936 /* Sources */,
				39FA46511C78FC62006C1936 /* Frameworks */,
				39FA46521C78FC62006C1936 /* Resources */,
			);
			buildRules = (
			);
			dependencies = (
				39FA465A1C78FC62006C1936 /* PBXTargetDependency */,
			);
			name = DataParsingTest;
			productName = DataParsingTest;
			productReference = 39FA46541C78FC62006C1936 /* DataParsingTest.xctest */;
			productType = "com.apple.product-type.bundle.unit-test";
		};
/* End PBXNativeTarget section */

/* Begin PBXProject section */
		3964AD5A1C71549D0058E302 /* Project object */ = {
			isa = PBXProject;
			attributes = {
				LastSwiftUpdateCheck = 0720;
				LastUpgradeCheck = 0720;
				ORGANIZATIONNAME = "xinye lei";
				TargetAttributes = {
					3964AD611C71549D0058E302 = {
						CreatedOnToolsVersion = 7.2.1;
					};
					39FA46531C78FC62006C1936 = {
						CreatedOnToolsVersion = 7.2.1;
						TestTargetID = 3964AD611C71549D0058E302;
					};
				};
			};
			buildConfigurationList = 3964AD5D1C71549D0058E302 /* Build configuration list for PBXProject "HStone" */;
			compatibilityVersion = "Xcode 3.2";
			developmentRegion = English;
			hasScannedForEncodings = 0;
			knownRegions = (
				en,
				Base,
			);
			mainGroup = 3964AD591C71549D0058E302;
			productRefGroup = 3964AD631C71549D0058E302 /* Products */;
			projectDirPath = "";
			projectRoot = "";
			targets = (
				3964AD611C71549D0058E302 /* HStone */,
				39FA46531C78FC62006C1936 /* DataParsingTest */,
			);
		};
/* End PBXProject section */

/* Begin PBXResourcesBuildPhase section */
		3964AD601C71549D0058E302 /* Resources */ = {
			isa = PBXResourcesBuildPhase;
			buildActionMask = 2147483647;
			files = (
				3964AD701C71549E0058E302 /* LaunchScreen.storyboard in Resources */,
				3964AD801C7179DE0058E302 /* Default-568h@2x.png in Resources */,
				3964AD6D1C71549E0058E302 /* Assets.xcassets in Resources */,
				3964AD6B1C71549E0058E302 /* Main.storyboard in Resources */,
			);
			runOnlyForDeploymentPostprocessing = 0;
		};
		39FA46521C78FC62006C1936 /* Resources */ = {
			isa = PBXResourcesBuildPhase;
			buildActionMask = 2147483647;
			files = (
			);
			runOnlyForDeploymentPostprocessing = 0;
		};
/* End PBXResourcesBuildPhase section */

/* Begin PBXSourcesBuildPhase section */
		3964AD5E1C71549D0058E302 /* Sources */ = {
			isa = PBXSourcesBuildPhase;
			buildActionMask = 2147483647;
			files = (
				396FF7A01C7ABE8200BF1979 /* CardDisplayCell.swift in Sources */,
				39FA46611C78FF6B006C1936 /* ParsingCardsData.swift in Sources */,
				3964AD781C7154EF0058E302 /* HearthStoneAPI.swift in Sources */,
				391EF4FD1C76470B00917972 /* UIImage+animatedGIF.m in Sources */,
				3964AD7E1C715EF40058E302 /* CardDetailViewController.swift in Sources */,
				391EF5011C7647B500917972 /* OpenPakageViewController.swift in Sources */,
				3964AD661C71549D0058E302 /* AppDelegate.swift in Sources */,
				396FF79E1C7AA93E00BF1979 /* CardsCollectionViewController.swift in Sources */,
			);
			runOnlyForDeploymentPostprocessing = 0;
		};
		39FA46501C78FC62006C1936 /* Sources */ = {
			isa = PBXSourcesBuildPhase;
			buildActionMask = 2147483647;
			files = (
				39FA46571C78FC62006C1936 /* DataParsingTest.swift in Sources */,
			);
			runOnlyForDeploymentPostprocessing = 0;
		};
/* End PBXSourcesBuildPhase section */

/* Begin PBXTargetDependency section */
		39FA465A1C78FC62006C1936 /* PBXTargetDependency */ = {
			isa = PBXTargetDependency;
			target = 3964AD611C71549D0058E302 /* HStone */;
			targetProxy = 39FA46591C78FC62006C1936 /* PBXContainerItemProxy */;
		};
/* End PBXTargetDependency section */

/* Begin PBXVariantGroup section */
		3964AD691C71549E0058E302 /* Main.storyboard */ = {
			isa = PBXVariantGroup;
			children = (
				3964AD6A1C71549E0058E302 /* Base */,
			);
			name = Main.storyboard;
			sourceTree = "<group>";
		};
		3964AD6E1C71549E0058E302 /* LaunchScreen.storyboard */ = {
			isa = PBXVariantGroup;
			children = (
				3964AD6F1C71549E0058E302 /* Base */,
			);
			name = LaunchScreen.storyboard;
			sourceTree = "<group>";
		};
/* End PBXVariantGroup section */

/* Begin XCBuildConfiguration section */
		3964AD721C71549E0058E302 /* Debug */ = {
			isa = XCBuildConfiguration;
			buildSettings = {
				ALWAYS_SEARCH_USER_PATHS = NO;
				CLANG_CXX_LANGUAGE_STANDARD = "gnu++0x";
				CLANG_CXX_LIBRARY = "libc++";
				CLANG_ENABLE_MODULES = YES;
				CLANG_ENABLE_OBJC_ARC = YES;
				CLANG_WARN_BOOL_CONVERSION = YES;
				CLANG_WARN_CONSTANT_CONVERSION = YES;
				CLANG_WARN_DIRECT_OBJC_ISA_USAGE = YES_ERROR;
				CLANG_WARN_EMPTY_BODY = YES;
				CLANG_WARN_ENUM_CONVERSION = YES;
				CLANG_WARN_INT_CONVERSION = YES;
				CLANG_WARN_OBJC_ROOT_CLASS = YES_ERROR;
				CLANG_WARN_UNREACHABLE_CODE = YES;
				CLANG_WARN__DUPLICATE_METHOD_MATCH = YES;
				"CODE_SIGN_IDENTITY[sdk=iphoneos*]" = "iPhone Developer";
				COPY_PHASE_STRIP = NO;
				DEBUG_INFORMATION_FORMAT = dwarf;
				ENABLE_STRICT_OBJC_MSGSEND = YES;
				ENABLE_TESTABILITY = YES;
				GCC_C_LANGUAGE_STANDARD = gnu99;
				GCC_DYNAMIC_NO_PIC = NO;
				GCC_NO_COMMON_BLOCKS = YES;
				GCC_OPTIMIZATION_LEVEL = 0;
				GCC_PREPROCESSOR_DEFINITIONS = (
					"DEBUG=1",
					"$(inherited)",
				);
				GCC_WARN_64_TO_32_BIT_CONVERSION = YES;
				GCC_WARN_ABOUT_RETURN_TYPE = YES_ERROR;
				GCC_WARN_UNDECLARED_SELECTOR = YES;
				GCC_WARN_UNINITIALIZED_AUTOS = YES_AGGRESSIVE;
				GCC_WARN_UNUSED_FUNCTION = YES;
				GCC_WARN_UNUSED_VARIABLE = YES;
				IPHONEOS_DEPLOYMENT_TARGET = 9.2;
				MTL_ENABLE_DEBUG_INFO = YES;
				ONLY_ACTIVE_ARCH = YES;
				SDKROOT = iphoneos;
				SWIFT_OPTIMIZATION_LEVEL = "-Onone";
				TARGETED_DEVICE_FAMILY = "1,2";
			};
			name = Debug;
		};
		3964AD731C71549E0058E302 /* Release */ = {
			isa = XCBuildConfiguration;
			buildSettings = {
				ALWAYS_SEARCH_USER_PATHS = NO;
				CLANG_CXX_LANGUAGE_STANDARD = "gnu++0x";
				CLANG_CXX_LIBRARY = "libc++";
				CLANG_ENABLE_MODULES = YES;
				CLANG_ENABLE_OBJC_ARC = YES;
				CLANG_WARN_BOOL_CONVERSION = YES;
				CLANG_WARN_CONSTANT_CONVERSION = YES;
				CLANG_WARN_DIRECT_OBJC_ISA_USAGE = YES_ERROR;
				CLANG_WARN_EMPTY_BODY = YES;
				CLANG_WARN_ENUM_CONVERSION = YES;
				CLANG_WARN_INT_CONVERSION = YES;
				CLANG_WARN_OBJC_ROOT_CLASS = YES_ERROR;
				CLANG_WARN_UNREACHABLE_CODE = YES;
				CLANG_WARN__DUPLICATE_METHOD_MATCH = YES;
				"CODE_SIGN_IDENTITY[sdk=iphoneos*]" = "iPhone Developer";
				COPY_PHASE_STRIP = NO;
				DEBUG_INFORMATION_FORMAT = "dwarf-with-dsym";
				ENABLE_NS_ASSERTIONS = NO;
				ENABLE_STRICT_OBJC_MSGSEND = YES;
				GCC_C_LANGUAGE_STANDARD = gnu99;
				GCC_NO_COMMON_BLOCKS = YES;
				GCC_WARN_64_TO_32_BIT_CONVERSION = YES;
				GCC_WARN_ABOUT_RETURN_TYPE = YES_ERROR;
				GCC_WARN_UNDECLARED_SELECTOR = YES;
				GCC_WARN_UNINITIALIZED_AUTOS = YES_AGGRESSIVE;
				GCC_WARN_UNUSED_FUNCTION = YES;
				GCC_WARN_UNUSED_VARIABLE = YES;
				IPHONEOS_DEPLOYMENT_TARGET = 9.2;
				MTL_ENABLE_DEBUG_INFO = NO;
				SDKROOT = iphoneos;
				TARGETED_DEVICE_FAMILY = "1,2";
				VALIDATE_PRODUCT = YES;
			};
			name = Release;
		};
		3964AD751C71549E0058E302 /* Debug */ = {
			isa = XCBuildConfiguration;
			buildSettings = {
				ASSETCATALOG_COMPILER_APPICON_NAME = AppIcon;
				CLANG_ENABLE_MODULES = YES;
				INFOPLIST_FILE = HStone/Info.plist;
				LD_RUNPATH_SEARCH_PATHS = "$(inherited) @executable_path/Frameworks";
				PRODUCT_BUNDLE_IDENTIFIER = lei.HStone;
				PRODUCT_NAME = "$(TARGET_NAME)";
				SWIFT_OBJC_BRIDGING_HEADER = "HStone/HStone-Bridging-Header.h";
				SWIFT_OPTIMIZATION_LEVEL = "-Onone";
			};
			name = Debug;
		};
		3964AD761C71549E0058E302 /* Release */ = {
			isa = XCBuildConfiguration;
			buildSettings = {
				ASSETCATALOG_COMPILER_APPICON_NAME = AppIcon;
				CLANG_ENABLE_MODULES = YES;
				INFOPLIST_FILE = HStone/Info.plist;
				LD_RUNPATH_SEARCH_PATHS = "$(inherited) @executable_path/Frameworks";
				PRODUCT_BUNDLE_IDENTIFIER = lei.HStone;
				PRODUCT_NAME = "$(TARGET_NAME)";
				SWIFT_OBJC_BRIDGING_HEADER = "HStone/HStone-Bridging-Header.h";
			};
			name = Release;
		};
		39FA465C1C78FC62006C1936 /* Debug */ = {
			isa = XCBuildConfiguration;
			buildSettings = {
				BUNDLE_LOADER = "$(TEST_HOST)";
				DEFINES_MODULE = YES;
				INFOPLIST_FILE = DataParsingTest/Info.plist;
				LD_RUNPATH_SEARCH_PATHS = "$(inherited) @executable_path/Frameworks @loader_path/Frameworks";
				PRODUCT_BUNDLE_IDENTIFIER = lei.DataParsingTest;
				PRODUCT_NAME = "$(TARGET_NAME)";
				TEST_HOST = "$(BUILT_PRODUCTS_DIR)/HStone.app/HStone";
			};
			name = Debug;
		};
		39FA465D1C78FC62006C1936 /* Release */ = {
			isa = XCBuildConfiguration;
			buildSettings = {
				BUNDLE_LOADER = "$(TEST_HOST)";
				DEFINES_MODULE = YES;
				INFOPLIST_FILE = DataParsingTest/Info.plist;
				LD_RUNPATH_SEARCH_PATHS = "$(inherited) @executable_path/Frameworks @loader_path/Frameworks";
				PRODUCT_BUNDLE_IDENTIFIER = lei.DataParsingTest;
				PRODUCT_NAME = "$(TARGET_NAME)";
				TEST_HOST = "$(BUILT_PRODUCTS_DIR)/HStone.app/HStone";
			};
			name = Release;
		};
/* End XCBuildConfiguration section */

/* Begin XCConfigurationList section */
		3964AD5D1C71549D0058E302 /* Build configuration list for PBXProject "HStone" */ = {
			isa = XCConfigurationList;
			buildConfigurations = (
				3964AD721C71549E0058E302 /* Debug */,
				3964AD731C71549E0058E302 /* Release */,
			);
			defaultConfigurationIsVisible = 0;
			defaultConfigurationName = Release;
		};
		3964AD741C71549E0058E302 /* Build configuration list for PBXNativeTarget "HStone" */ = {
			isa = XCConfigurationList;
			buildConfigurations = (
				3964AD751C71549E0058E302 /* Debug */,
				3964AD761C71549E0058E302 /* Release */,
			);
			defaultConfigurationIsVisible = 0;
			defaultConfigurationName = Release;
		};
		39FA465B1C78FC62006C1936 /* Build configuration list for PBXNativeTarget "DataParsingTest" */ = {
			isa = XCConfigurationList;
			buildConfigurations = (
				39FA465C1C78FC62006C1936 /* Debug */,
				39FA465D1C78FC62006C1936 /* Release */,
			);
			defaultConfigurationIsVisible = 0;
			defaultConfigurationName = Release;
		};
/* End XCConfigurationList section */
	};
	rootObject = 3964AD5A1C71549D0058E302 /* Project object */;
}
